{
    "_readme": [
        "This file locks the dependencies of your project to a known state",
        "Read more about it at https://getcomposer.org/doc/01-basic-usage.md#installing-dependencies",
        "This file is @generated automatically"
    ],
    "content-hash": "c9c6b80015f2a1b543e4cdafd6c8760a",
    "packages": [
        {
            "name": "nette/php-generator",
            "version": "v3.6.x-dev",
            "source": {
                "type": "git",
                "url": "https://github.com/nette/php-generator.git",
                "reference": "ba0cbff78421897e3cc79ef43e359090c90727ed"
            },
            "dist": {
                "type": "zip",
                "url": "https://api.github.com/repos/nette/php-generator/zipball/ba0cbff78421897e3cc79ef43e359090c90727ed",
                "reference": "ba0cbff78421897e3cc79ef43e359090c90727ed",
                "shasum": ""
            },
            "require": {
                "nette/utils": "^3.1.2",
                "php": ">=7.2 <8.3"
            },
            "require-dev": {
                "nette/tester": "^2.4",
                "nikic/php-parser": "^4.13",
                "phpstan/phpstan": "^0.12",
                "tracy/tracy": "^2.8"
            },
            "suggest": {
                "nikic/php-parser": "to use ClassType::withBodiesFrom() & GlobalFunction::withBodyFrom()"
            },
            "type": "library",
            "extra": {
                "branch-alias": {
                    "dev-master": "3.6-dev"
                }
            },
            "autoload": {
                "classmap": [
                    "src/"
                ]
            },
            "notification-url": "https://packagist.org/downloads/",
            "license": [
                "BSD-3-Clause",
                "GPL-2.0-only",
                "GPL-3.0-only"
            ],
            "authors": [
                {
                    "name": "David Grudl",
                    "homepage": "https://davidgrudl.com"
                },
                {
                    "name": "Nette Community",
                    "homepage": "https://nette.org/contributors"
                }
            ],
            "description": "🐘 Nette PHP Generator: generates neat PHP code for you. Supports new PHP 8.1 features.",
            "homepage": "https://nette.org",
            "keywords": [
                "code",
                "nette",
                "php",
                "scaffolding"
            ],
            "support": {
                "issues": "https://github.com/nette/php-generator/issues",
                "source": "https://github.com/nette/php-generator/tree/v3.6"
            },
            "time": "2022-10-12T23:44:29+00:00"
        },
        {
            "name": "nette/utils",
            "version": "v3.2.x-dev",
            "source": {
                "type": "git",
                "url": "https://github.com/nette/utils.git",
                "reference": "b433959cb129b9d4f15d26b9138c7d2b62a3d757"
            },
            "dist": {
                "type": "zip",
                "url": "https://api.github.com/repos/nette/utils/zipball/b433959cb129b9d4f15d26b9138c7d2b62a3d757",
                "reference": "b433959cb129b9d4f15d26b9138c7d2b62a3d757",
                "shasum": ""
            },
            "require": {
                "php": ">=7.2 <8.4"
            },
            "conflict": {
                "nette/di": "<3.0.6"
            },
            "require-dev": {
                "jetbrains/phpstorm-attributes": "dev-master",
                "nette/tester": "~2.0",
                "phpstan/phpstan": "^1.0",
                "tracy/tracy": "^2.3"
            },
            "suggest": {
                "ext-gd": "to use Image",
                "ext-iconv": "to use Strings::webalize(), toAscii(), chr() and reverse()",
                "ext-intl": "to use Strings::webalize(), toAscii(), normalize() and compare()",
                "ext-json": "to use Nette\\Utils\\Json",
                "ext-mbstring": "to use Strings::lower() etc...",
                "ext-tokenizer": "to use Nette\\Utils\\Reflection::getUseStatements()",
                "ext-xml": "to use Strings::length() etc. when mbstring is not available"
            },
            "type": "library",
            "extra": {
                "branch-alias": {
                    "dev-master": "3.2-dev"
                }
            },
            "autoload": {
                "classmap": [
                    "src/"
                ]
            },
            "notification-url": "https://packagist.org/downloads/",
            "license": [
                "BSD-3-Clause",
                "GPL-2.0-only",
                "GPL-3.0-only"
            ],
            "authors": [
                {
                    "name": "David Grudl",
                    "homepage": "https://davidgrudl.com"
                },
                {
                    "name": "Nette Community",
                    "homepage": "https://nette.org/contributors"
                }
            ],
            "description": "🛠  Nette Utils: lightweight utilities for string & array manipulation, image handling, safe JSON encoding/decoding, validation, slug or strong password generating etc.",
            "homepage": "https://nette.org",
            "keywords": [
                "array",
                "core",
                "datetime",
                "images",
                "json",
                "nette",
                "paginator",
                "password",
                "slugify",
                "string",
                "unicode",
                "utf-8",
                "utility",
                "validation"
            ],
            "support": {
                "issues": "https://github.com/nette/utils/issues",
                "source": "https://github.com/nette/utils/tree/v3.2"
            },
            "time": "2024-01-17T14:37:35+00:00"
        },
        {
            "name": "nikic/php-parser",
            "version": "4.x-dev",
            "source": {
                "type": "git",
                "url": "https://github.com/nikic/PHP-Parser.git",
                "reference": "715f4d25e225bc47b293a8b997fe6ce99bf987d2"
            },
            "dist": {
                "type": "zip",
                "url": "https://api.github.com/repos/nikic/PHP-Parser/zipball/715f4d25e225bc47b293a8b997fe6ce99bf987d2",
                "reference": "715f4d25e225bc47b293a8b997fe6ce99bf987d2",
                "shasum": ""
            },
            "require": {
                "ext-tokenizer": "*",
                "php": ">=7.1"
            },
            "require-dev": {
                "ircmaxell/php-yacc": "^0.0.7",
                "phpunit/phpunit": "^7.0 || ^8.0 || ^9.0"
            },
            "bin": [
                "bin/php-parse"
            ],
            "type": "library",
            "extra": {
                "branch-alias": {
                    "dev-master": "4.9-dev"
                }
            },
            "autoload": {
                "psr-4": {
                    "PhpParser\\": "lib/PhpParser"
                }
            },
            "notification-url": "https://packagist.org/downloads/",
            "license": [
                "BSD-3-Clause"
            ],
            "authors": [
                {
                    "name": "Nikita Popov"
                }
            ],
            "description": "A PHP parser written in PHP",
            "keywords": [
                "parser",
                "php"
            ],
            "support": {
                "issues": "https://github.com/nikic/PHP-Parser/issues",
                "source": "https://github.com/nikic/PHP-Parser/tree/4.x"
            },
            "time": "2024-09-29T15:01:53+00:00"
        },
        {
            "name": "phpstan/phpdoc-parser",
            "version": "1.33.0",
            "source": {
                "type": "git",
                "url": "https://github.com/phpstan/phpdoc-parser.git",
                "reference": "82a311fd3690fb2bf7b64d5c98f912b3dd746140"
            },
            "dist": {
                "type": "zip",
                "url": "https://api.github.com/repos/phpstan/phpdoc-parser/zipball/82a311fd3690fb2bf7b64d5c98f912b3dd746140",
                "reference": "82a311fd3690fb2bf7b64d5c98f912b3dd746140",
                "shasum": ""
            },
            "require": {
                "php": "^7.2 || ^8.0"
            },
            "require-dev": {
                "doctrine/annotations": "^2.0",
                "nikic/php-parser": "^4.15",
                "php-parallel-lint/php-parallel-lint": "^1.2",
                "phpstan/extension-installer": "^1.0",
                "phpstan/phpstan": "^1.5",
                "phpstan/phpstan-phpunit": "^1.1",
                "phpstan/phpstan-strict-rules": "^1.0",
                "phpunit/phpunit": "^9.5",
                "symfony/process": "^5.2"
            },
            "type": "library",
            "autoload": {
                "psr-4": {
                    "PHPStan\\PhpDocParser\\": [
                        "src/"
                    ]
                }
            },
            "notification-url": "https://packagist.org/downloads/",
            "license": [
                "MIT"
            ],
            "description": "PHPDoc parser with support for nullable, intersection and generic types",
            "support": {
                "issues": "https://github.com/phpstan/phpdoc-parser/issues",
                "source": "https://github.com/phpstan/phpdoc-parser/tree/1.33.0"
            },
            "time": "2024-10-13T11:25:22+00:00"
        }
    ],
    "packages-dev": [],
    "aliases": [],
    "minimum-stability": "dev",
    "stability-flags": [],
    "prefer-stable": false,
    "prefer-lowest": false,
    "platform": {
        "php": ">=8.2.0"
    },
    "platform-dev": [],
    "plugin-api-version": "2.3.0"
}
