{
    "_readme": [
        "This file locks the dependencies of your project to a known state",
        "Read more about it at https://getcomposer.org/doc/01-basic-usage.md#installing-dependencies",
        "This file is @generated automatically"
    ],
    "content-hash": "8a61e5b63a401d05afa76145f1a85d48",
    "packages": [
        {
            "name": "nette/php-generator",
            "version": "v3.6.x-dev",
            "source": {
                "type": "git",
                "url": "https://github.com/nette/php-generator.git",
                "reference": "ba0cbff78421897e3cc79ef43e359090c90727ed"
            },
            "dist": {
                "type": "zip",
                "url": "https://api.github.com/repos/nette/php-generator/zipball/ba0cbff78421897e3cc79ef43e359090c90727ed",
                "reference": "ba0cbff78421897e3cc79ef43e359090c90727ed",
                "shasum": ""
            },
            "require": {
                "nette/utils": "^3.1.2",
                "php": ">=7.2 <8.3"
            },
            "require-dev": {
                "nette/tester": "^2.4",
                "nikic/php-parser": "^4.13",
                "phpstan/phpstan": "^0.12",
                "tracy/tracy": "^2.8"
            },
            "suggest": {
                "nikic/php-parser": "to use ClassType::withBodiesFrom() & GlobalFunction::withBodyFrom()"
            },
            "type": "library",
            "extra": {
                "branch-alias": {
                    "dev-master": "3.6-dev"
                }
            },
            "autoload": {
                "classmap": [
                    "src/"
                ]
            },
            "notification-url": "https://packagist.org/downloads/",
            "license": [
                "BSD-3-Clause",
                "GPL-2.0-only",
                "GPL-3.0-only"
            ],
            "authors": [
                {
                    "name": "David Grudl",
                    "homepage": "https://davidgrudl.com"
                },
                {
                    "name": "Nette Community",
                    "homepage": "https://nette.org/contributors"
                }
            ],
            "description": "🐘 Nette PHP Generator: generates neat PHP code for you. Supports new PHP 8.1 features.",
            "homepage": "https://nette.org",
            "keywords": [
                "code",
                "nette",
                "php",
                "scaffolding"
            ],
            "support": {
                "issues": "https://github.com/nette/php-generator/issues",
                "source": "https://github.com/nette/php-generator/tree/v3.6"
            },
            "time": "2022-10-12T23:44:29+00:00"
        },
        {
            "name": "nette/utils",
            "version": "v3.2.x-dev",
            "source": {
                "type": "git",
                "url": "https://github.com/nette/utils.git",
                "reference": "3b648e7b3b52dd95bcef16e8f978cd63e0fb2839"
            },
            "dist": {
                "type": "zip",
                "url": "https://api.github.com/repos/nette/utils/zipball/3b648e7b3b52dd95bcef16e8f978cd63e0fb2839",
                "reference": "3b648e7b3b52dd95bcef16e8f978cd63e0fb2839",
                "shasum": ""
            },
            "require": {
                "php": ">=7.2 <8.4"
            },
            "conflict": {
                "nette/di": "<3.0.6"
            },
            "require-dev": {
                "jetbrains/phpstorm-attributes": "dev-master",
                "nette/tester": "~2.0",
                "phpstan/phpstan": "^1.0",
                "tracy/tracy": "^2.3"
            },
            "suggest": {
                "ext-gd": "to use Image",
                "ext-iconv": "to use Strings::webalize(), toAscii(), chr() and reverse()",
                "ext-intl": "to use Strings::webalize(), toAscii(), normalize() and compare()",
                "ext-json": "to use Nette\\Utils\\Json",
                "ext-mbstring": "to use Strings::lower() etc...",
                "ext-tokenizer": "to use Nette\\Utils\\Reflection::getUseStatements()",
                "ext-xml": "to use Strings::length() etc. when mbstring is not available"
            },
            "type": "library",
            "extra": {
                "branch-alias": {
                    "dev-master": "3.2-dev"
                }
            },
            "autoload": {
                "classmap": [
                    "src/"
                ]
            },
            "notification-url": "https://packagist.org/downloads/",
            "license": [
                "BSD-3-Clause",
                "GPL-2.0-only",
                "GPL-3.0-only"
            ],
            "authors": [
                {
                    "name": "David Grudl",
                    "homepage": "https://davidgrudl.com"
                },
                {
                    "name": "Nette Community",
                    "homepage": "https://nette.org/contributors"
                }
            ],
            "description": "🛠  Nette Utils: lightweight utilities for string & array manipulation, image handling, safe JSON encoding/decoding, validation, slug or strong password generating etc.",
            "homepage": "https://nette.org",
            "keywords": [
                "array",
                "core",
                "datetime",
                "images",
                "json",
                "nette",
                "paginator",
                "password",
                "slugify",
                "string",
                "unicode",
                "utf-8",
                "utility",
                "validation"
            ],
            "support": {
                "issues": "https://github.com/nette/utils/issues",
                "source": "https://github.com/nette/utils/tree/v3.2"
            },
            "time": "2023-08-29T22:00:30+00:00"
        },
        {
            "name": "nikic/php-parser",
            "version": "4.x-dev",
            "source": {
                "type": "git",
                "url": "https://github.com/nikic/PHP-Parser.git",
                "reference": "a6303e50c90c355c7eeee2c4a8b27fe8dc8fef1d"
            },
            "dist": {
                "type": "zip",
                "url": "https://api.github.com/repos/nikic/PHP-Parser/zipball/a6303e50c90c355c7eeee2c4a8b27fe8dc8fef1d",
                "reference": "a6303e50c90c355c7eeee2c4a8b27fe8dc8fef1d",
                "shasum": ""
            },
            "require": {
                "ext-tokenizer": "*",
                "php": ">=7.0"
            },
            "require-dev": {
                "ircmaxell/php-yacc": "^0.0.7",
                "phpunit/phpunit": "^6.5 || ^7.0 || ^8.0 || ^9.0"
            },
            "default-branch": true,
            "bin": [
                "bin/php-parse"
            ],
            "type": "library",
            "extra": {
                "branch-alias": {
                    "dev-master": "4.9-dev"
                }
            },
            "autoload": {
                "psr-4": {
                    "PhpParser\\": "lib/PhpParser"
                }
            },
            "notification-url": "https://packagist.org/downloads/",
            "license": [
                "BSD-3-Clause"
            ],
            "authors": [
                {
                    "name": "Nikita Popov"
                }
            ],
            "description": "A PHP parser written in PHP",
            "keywords": [
                "parser",
                "php"
            ],
            "support": {
                "issues": "https://github.com/nikic/PHP-Parser/issues",
                "source": "https://github.com/nikic/PHP-Parser/tree/v4.17.1"
            },
            "time": "2023-08-13T19:53:39+00:00"
        },
        {
            "name": "phpstan/phpdoc-parser",
            "version": "1.24.0",
            "source": {
                "type": "git",
                "url": "https://github.com/phpstan/phpdoc-parser.git",
                "reference": "3510b0a6274cc42f7219367cb3abfc123ffa09d6"
            },
            "dist": {
                "type": "zip",
                "url": "https://api.github.com/repos/phpstan/phpdoc-parser/zipball/3510b0a6274cc42f7219367cb3abfc123ffa09d6",
                "reference": "3510b0a6274cc42f7219367cb3abfc123ffa09d6",
                "shasum": ""
            },
            "require": {
                "php": "^7.2 || ^8.0"
            },
            "require-dev": {
                "doctrine/annotations": "^2.0",
                "nikic/php-parser": "^4.15",
                "php-parallel-lint/php-parallel-lint": "^1.2",
                "phpstan/extension-installer": "^1.0",
                "phpstan/phpstan": "^1.5",
                "phpstan/phpstan-phpunit": "^1.1",
                "phpstan/phpstan-strict-rules": "^1.0",
                "phpunit/phpunit": "^9.5",
                "symfony/process": "^5.2"
            },
            "type": "library",
            "autoload": {
                "psr-4": {
                    "PHPStan\\PhpDocParser\\": [
                        "src/"
                    ]
                }
            },
            "notification-url": "https://packagist.org/downloads/",
            "license": [
                "MIT"
            ],
            "description": "PHPDoc parser with support for nullable, intersection and generic types",
            "support": {
                "issues": "https://github.com/phpstan/phpdoc-parser/issues",
                "source": "https://github.com/phpstan/phpdoc-parser/tree/1.24.0"
            },
            "time": "2023-09-07T20:46:32+00:00"
        }
    ],
    "packages-dev": [],
    "aliases": [],
    "minimum-stability": "dev",
    "stability-flags": [],
    "prefer-stable": false,
    "prefer-lowest": false,
    "platform": [],
    "platform-dev": [],
    "plugin-api-version": "2.3.0"
}
